
Microsoft Visual Studio Solution File, Format Version 12.00
# Visual Studio Version 17
VisualStudioVersion = 17.5.33414.496
MinimumVisualStudioVersion = 10.0.40219.1
Project("{9A19103F-16F7-4668-BE54-9A1E7A4F7556}") = "01_Diakok", "1_Diakok\01_Diakok.csproj", "{84E4CD4E-691F-4A8C-A3EA-49D66136201C}"
EndProject
Project("{9A19103F-16F7-4668-BE54-9A1E7A4F7556}") = "02_Konyvek", "02_Konyvek\02_Konyvek.csproj", "{B94759CC-97B2-4DC7-B0EE-99ECA9E249BC}"
EndProject
Project("{9A19103F-16F7-4668-BE54-9A1E7A4F7556}") = "03_Ruhasbolt", "Ruhasbolt\03_Ruhasbolt.csproj", "{EF5AB678-5DDD-4953-9B7E-AB304CCDBD12}"
EndProject
Project("{9A19103F-16F7-4668-BE54-9A1E7A4F7556}") = "04_Égitestek", "Égitestek\04_Égitestek.csproj", "{89D373CC-6062-40F9-BC7B-389F45549485}"
EndProject
Project("{9A19103F-16F7-4668-BE54-9A1E7A4F7556}") = "05_Orkok", "Orkok\05_Orkok.csproj", "{1C3215FC-1029-4A22-9AEC-92E95AE22EF2}"
EndProject
Project("{9A19103F-16F7-4668-BE54-9A1E7A4F7556}") = "06_zh_gyak_kivetelkezeles", "zh_gyak_kivetelkezeles\06_zh_gyak_kivetelkezeles.csproj", "{E5AF98BA-83F7-424C-882D-89037F7633F2}"
EndProject
Project("{9A19103F-16F7-4668-BE54-9A1E7A4F7556}") = "07_ingatlanok", "ingatlanok\07_ingatlanok.csproj", "{796489C2-E12B-4025-8D3C-E4337DA9A6AB}"
EndProject
Project("{9A19103F-16F7-4668-BE54-9A1E7A4F7556}") = "08_AbstractOrkok", "08_AbstractOrkok\08_AbstractOrkok.csproj", "{A1B7D2B5-175F-424A-81E4-744BED028AB5}"
EndProject
Project("{9A19103F-16F7-4668-BE54-9A1E7A4F7556}") = "09_Kave", "09_Kave\09_Kave.csproj", "{F79461CE-57C8-48B0-A0FB-6BA5E261B71C}"
EndProject
Project("{9A19103F-16F7-4668-BE54-9A1E7A4F7556}") = "10_InterfaceAlapok", "10_InterfaceAlapok\10_InterfaceAlapok.csproj", "{BDB593AD-238A-4FE0-A487-7E57508BDF2B}"
EndProject
Project("{9A19103F-16F7-4668-BE54-9A1E7A4F7556}") = "11_Versenyzok", "11_Versenyzok\11_Versenyzok.csproj", "{36C0C174-621D-4DEC-8C89-CE79E147D6B2}"
EndProject
Project("{9A19103F-16F7-4668-BE54-9A1E7A4F7556}") = "12_VersenyzoDLL2", "12_VersenyzoDLL2\12_VersenyzoDLL2.csproj", "{DFC57CF7-DC63-4ED6-A7C8-D0EBDFB90B65}"
EndProject
Project("{FAE04EC0-301F-11D3-BF4B-00C04F79EFBC}") = "13_BovitoMetodusok", "13_BovitoMetodusok\13_BovitoMetodusok.csproj", "{D2C6FBE4-CF57-4830-8A4A-1EF780D10550}"
EndProject
Project("{FAE04EC0-301F-11D3-BF4B-00C04F79EFBC}") = "14_DiakokLinq", "14_DiakokLinq\14_DiakokLinq.csproj", "{911EFDD1-04FB-46A2-AC4E-07B9C92C2ADB}"
EndProject
Global
	GlobalSection(SolutionConfigurationPlatforms) = preSolution
		Debug|Any CPU = Debug|Any CPU
		Release|Any CPU = Release|Any CPU
	EndGlobalSection
	GlobalSection(ProjectConfigurationPlatforms) = postSolution
		{84E4CD4E-691F-4A8C-A3EA-49D66136201C}.Debug|Any CPU.ActiveCfg = Debug|Any CPU
		{84E4CD4E-691F-4A8C-A3EA-49D66136201C}.Debug|Any CPU.Build.0 = Debug|Any CPU
		{84E4CD4E-691F-4A8C-A3EA-49D66136201C}.Release|Any CPU.ActiveCfg = Release|Any CPU
		{84E4CD4E-691F-4A8C-A3EA-49D66136201C}.Release|Any CPU.Build.0 = Release|Any CPU
		{B94759CC-97B2-4DC7-B0EE-99ECA9E249BC}.Debug|Any CPU.ActiveCfg = Debug|Any CPU
		{B94759CC-97B2-4DC7-B0EE-99ECA9E249BC}.Debug|Any CPU.Build.0 = Debug|Any CPU
		{B94759CC-97B2-4DC7-B0EE-99ECA9E249BC}.Release|Any CPU.ActiveCfg = Release|Any CPU
		{B94759CC-97B2-4DC7-B0EE-99ECA9E249BC}.Release|Any CPU.Build.0 = Release|Any CPU
		{EF5AB678-5DDD-4953-9B7E-AB304CCDBD12}.Debug|Any CPU.ActiveCfg = Debug|Any CPU
		{EF5AB678-5DDD-4953-9B7E-AB304CCDBD12}.Debug|Any CPU.Build.0 = Debug|Any CPU
		{EF5AB678-5DDD-4953-9B7E-AB304CCDBD12}.Release|Any CPU.ActiveCfg = Release|Any CPU
		{EF5AB678-5DDD-4953-9B7E-AB304CCDBD12}.Release|Any CPU.Build.0 = Release|Any CPU
		{89D373CC-6062-40F9-BC7B-389F45549485}.Debug|Any CPU.ActiveCfg = Debug|Any CPU
		{89D373CC-6062-40F9-BC7B-389F45549485}.Debug|Any CPU.Build.0 = Debug|Any CPU
		{89D373CC-6062-40F9-BC7B-389F45549485}.Release|Any CPU.ActiveCfg = Release|Any CPU
		{89D373CC-6062-40F9-BC7B-389F45549485}.Release|Any CPU.Build.0 = Release|Any CPU
		{1C3215FC-1029-4A22-9AEC-92E95AE22EF2}.Debug|Any CPU.ActiveCfg = Debug|Any CPU
		{1C3215FC-1029-4A22-9AEC-92E95AE22EF2}.Debug|Any CPU.Build.0 = Debug|Any CPU
		{1C3215FC-1029-4A22-9AEC-92E95AE22EF2}.Release|Any CPU.ActiveCfg = Release|Any CPU
		{1C3215FC-1029-4A22-9AEC-92E95AE22EF2}.Release|Any CPU.Build.0 = Release|Any CPU
		{E5AF98BA-83F7-424C-882D-89037F7633F2}.Debug|Any CPU.ActiveCfg = Debug|Any CPU
		{E5AF98BA-83F7-424C-882D-89037F7633F2}.Debug|Any CPU.Build.0 = Debug|Any CPU
		{E5AF98BA-83F7-424C-882D-89037F7633F2}.Release|Any CPU.ActiveCfg = Release|Any CPU
		{E5AF98BA-83F7-424C-882D-89037F7633F2}.Release|Any CPU.Build.0 = Release|Any CPU
		{796489C2-E12B-4025-8D3C-E4337DA9A6AB}.Debug|Any CPU.ActiveCfg = Debug|Any CPU
		{796489C2-E12B-4025-8D3C-E4337DA9A6AB}.Debug|Any CPU.Build.0 = Debug|Any CPU
		{796489C2-E12B-4025-8D3C-E4337DA9A6AB}.Release|Any CPU.ActiveCfg = Release|Any CPU
		{796489C2-E12B-4025-8D3C-E4337DA9A6AB}.Release|Any CPU.Build.0 = Release|Any CPU
		{A1B7D2B5-175F-424A-81E4-744BED028AB5}.Debug|Any CPU.ActiveCfg = Debug|Any CPU
		{A1B7D2B5-175F-424A-81E4-744BED028AB5}.Debug|Any CPU.Build.0 = Debug|Any CPU
		{A1B7D2B5-175F-424A-81E4-744BED028AB5}.Release|Any CPU.ActiveCfg = Release|Any CPU
		{A1B7D2B5-175F-424A-81E4-744BED028AB5}.Release|Any CPU.Build.0 = Release|Any CPU
		{F79461CE-57C8-48B0-A0FB-6BA5E261B71C}.Debug|Any CPU.ActiveCfg = Debug|Any CPU
		{F79461CE-57C8-48B0-A0FB-6BA5E261B71C}.Debug|Any CPU.Build.0 = Debug|Any CPU
		{F79461CE-57C8-48B0-A0FB-6BA5E261B71C}.Release|Any CPU.ActiveCfg = Release|Any CPU
		{F79461CE-57C8-48B0-A0FB-6BA5E261B71C}.Release|Any CPU.Build.0 = Release|Any CPU
		{BDB593AD-238A-4FE0-A487-7E57508BDF2B}.Debug|Any CPU.ActiveCfg = Debug|Any CPU
		{BDB593AD-238A-4FE0-A487-7E57508BDF2B}.Debug|Any CPU.Build.0 = Debug|Any CPU
		{BDB593AD-238A-4FE0-A487-7E57508BDF2B}.Release|Any CPU.ActiveCfg = Release|Any CPU
		{BDB593AD-238A-4FE0-A487-7E57508BDF2B}.Release|Any CPU.Build.0 = Release|Any CPU
		{36C0C174-621D-4DEC-8C89-CE79E147D6B2}.Debug|Any CPU.ActiveCfg = Debug|Any CPU
		{36C0C174-621D-4DEC-8C89-CE79E147D6B2}.Debug|Any CPU.Build.0 = Debug|Any CPU
		{36C0C174-621D-4DEC-8C89-CE79E147D6B2}.Release|Any CPU.ActiveCfg = Release|Any CPU
		{36C0C174-621D-4DEC-8C89-CE79E147D6B2}.Release|Any CPU.Build.0 = Release|Any CPU
		{DFC57CF7-DC63-4ED6-A7C8-D0EBDFB90B65}.Debug|Any CPU.ActiveCfg = Debug|Any CPU
		{DFC57CF7-DC63-4ED6-A7C8-D0EBDFB90B65}.Debug|Any CPU.Build.0 = Debug|Any CPU
		{DFC57CF7-DC63-4ED6-A7C8-D0EBDFB90B65}.Release|Any CPU.ActiveCfg = Release|Any CPU
		{DFC57CF7-DC63-4ED6-A7C8-D0EBDFB90B65}.Release|Any CPU.Build.0 = Release|Any CPU
		{D2C6FBE4-CF57-4830-8A4A-1EF780D10550}.Debug|Any CPU.ActiveCfg = Debug|Any CPU
		{D2C6FBE4-CF57-4830-8A4A-1EF780D10550}.Debug|Any CPU.Build.0 = Debug|Any CPU
		{D2C6FBE4-CF57-4830-8A4A-1EF780D10550}.Release|Any CPU.ActiveCfg = Release|Any CPU
		{D2C6FBE4-CF57-4830-8A4A-1EF780D10550}.Release|Any CPU.Build.0 = Release|Any CPU
		{911EFDD1-04FB-46A2-AC4E-07B9C92C2ADB}.Debug|Any CPU.ActiveCfg = Debug|Any CPU
		{911EFDD1-04FB-46A2-AC4E-07B9C92C2ADB}.Debug|Any CPU.Build.0 = Debug|Any CPU
		{911EFDD1-04FB-46A2-AC4E-07B9C92C2ADB}.Release|Any CPU.ActiveCfg = Release|Any CPU
		{911EFDD1-04FB-46A2-AC4E-07B9C92C2ADB}.Release|Any CPU.Build.0 = Release|Any CPU
	EndGlobalSection
	GlobalSection(SolutionProperties) = preSolution
		HideSolutionNode = FALSE
	EndGlobalSection
	GlobalSection(ExtensibilityGlobals) = postSolution
		SolutionGuid = {B3BC58BE-DB9D-484B-A984-37FF4FDADFCA}
	EndGlobalSection
EndGlobal
